
Microsoft Visual Studio Solution File, Format Version 12.00
# Visual Studio Version 17
VisualStudioVersion = 17.10.35027.167
MinimumVisualStudioVersion = 10.0.40219.1
Project("{2150E333-8FDC-42A3-9474-1A3956D46DE8}") = ".paket", ".paket", "{E7B785E4-B5DE-47A7-B4A9-381AED8A5FBB}"
	ProjectSection(SolutionItems) = preProject
		paket.dependencies = paket.dependencies
		paket.lock = paket.lock
	EndProjectSection
EndProject
Project("{9A19103F-16F7-4668-BE54-9A1E7A4F7556}") = "Test", "Test\Test.csproj", "{0C538B46-028B-4506-B6CC-48EAE0D7A689}"
EndProject
Project("{9A19103F-16F7-4668-BE54-9A1E7A4F7556}") = "COM.CAN", "COM.CAN\COM.CAN.csproj", "{1A32DDEA-8452-40D4-B213-7A1920DD1C20}"
EndProject
Project("{9A19103F-16F7-4668-BE54-9A1E7A4F7556}") = "CyberGear.Client", "CyberGear.Client\CyberGear.Client.csproj", "{84456A35-463D-4D40-9FFE-49C00E03EE24}"
EndProject
Project("{FAE04EC0-301F-11D3-BF4B-00C04F79EFBC}") = "CyberGear.Shared", "CyberGear.Shared\CyberGear.Shared.csproj", "{5F647E86-9BDA-4913-81EA-CDFEAE3A5E9E}"
EndProject
Global
	GlobalSection(SolutionConfigurationPlatforms) = preSolution
		Debug|Any CPU = Debug|Any CPU
		Release|Any CPU = Release|Any CPU
	EndGlobalSection
	GlobalSection(ProjectConfigurationPlatforms) = postSolution
		{0C538B46-028B-4506-B6CC-48EAE0D7A689}.Debug|Any CPU.ActiveCfg = Debug|Any CPU
		{0C538B46-028B-4506-B6CC-48EAE0D7A689}.Debug|Any CPU.Build.0 = Debug|Any CPU
		{0C538B46-028B-4506-B6CC-48EAE0D7A689}.Release|Any CPU.ActiveCfg = Release|Any CPU
		{0C538B46-028B-4506-B6CC-48EAE0D7A689}.Release|Any CPU.Build.0 = Release|Any CPU
		{1A32DDEA-8452-40D4-B213-7A1920DD1C20}.Debug|Any CPU.ActiveCfg = Debug|Any CPU
		{1A32DDEA-8452-40D4-B213-7A1920DD1C20}.Debug|Any CPU.Build.0 = Debug|Any CPU
		{1A32DDEA-8452-40D4-B213-7A1920DD1C20}.Release|Any CPU.ActiveCfg = Release|Any CPU
		{1A32DDEA-8452-40D4-B213-7A1920DD1C20}.Release|Any CPU.Build.0 = Release|Any CPU
		{84456A35-463D-4D40-9FFE-49C00E03EE24}.Debug|Any CPU.ActiveCfg = Debug|Any CPU
		{84456A35-463D-4D40-9FFE-49C00E03EE24}.Debug|Any CPU.Build.0 = Debug|Any CPU
		{84456A35-463D-4D40-9FFE-49C00E03EE24}.Release|Any CPU.ActiveCfg = Release|Any CPU
		{84456A35-463D-4D40-9FFE-49C00E03EE24}.Release|Any CPU.Build.0 = Release|Any CPU
		{5F647E86-9BDA-4913-81EA-CDFEAE3A5E9E}.Debug|Any CPU.ActiveCfg = Debug|Any CPU
		{5F647E86-9BDA-4913-81EA-CDFEAE3A5E9E}.Debug|Any CPU.Build.0 = Debug|Any CPU
		{5F647E86-9BDA-4913-81EA-CDFEAE3A5E9E}.Release|Any CPU.ActiveCfg = Release|Any CPU
		{5F647E86-9BDA-4913-81EA-CDFEAE3A5E9E}.Release|Any CPU.Build.0 = Release|Any CPU
	EndGlobalSection
	GlobalSection(SolutionProperties) = preSolution
		HideSolutionNode = FALSE
	EndGlobalSection
	GlobalSection(ExtensibilityGlobals) = postSolution
		SolutionGuid = {82166BF3-731C-49C5-BB33-2F4FF8A28E78}
	EndGlobalSection
EndGlobal
